
Microsoft Visual Studio Solution File, Format Version 12.00
# Visual Studio Version 17
VisualStudioVersion = 17.0.32014.148
MinimumVisualStudioVersion = 10.0.40219.1
Project("{FAE04EC0-301F-11D3-BF4B-00C04F79EFBC}") = "Model", "Model\Model.csproj", "{FF877E98-DC25-46DB-9D31-C2FBE82FDF42}"
	ProjectSection(ProjectDependencies) = postProject
		{C3DA7252-AC6C-4232-8C05-2B4FEDA2E07D} = {C3DA7252-AC6C-4232-8C05-2B4FEDA2E07D}
		{E0AA1E89-4314-44E6-BAE5-457B66976B7D} = {E0AA1E89-4314-44E6-BAE5-457B66976B7D}
	EndProjectSection
EndProject
Project("{FAE04EC0-301F-11D3-BF4B-00C04F79EFBC}") = "DAL", "DAL\DAL.csproj", "{3A609853-286E-4182-B68E-ADBD9FE2C230}"
	ProjectSection(ProjectDependencies) = postProject
		{FF877E98-DC25-46DB-9D31-C2FBE82FDF42} = {FF877E98-DC25-46DB-9D31-C2FBE82FDF42}
	EndProjectSection
EndProject
Project("{FAE04EC0-301F-11D3-BF4B-00C04F79EFBC}") = "BLL", "BLL\BLL.csproj", "{6E8439C0-06C0-4AFD-971F-ADC64A3A911B}"
	ProjectSection(ProjectDependencies) = postProject
		{3A609853-286E-4182-B68E-ADBD9FE2C230} = {3A609853-286E-4182-B68E-ADBD9FE2C230}
		{FF877E98-DC25-46DB-9D31-C2FBE82FDF42} = {FF877E98-DC25-46DB-9D31-C2FBE82FDF42}
	EndProjectSection
EndProject
Project("{E24C65DC-7377-472B-9ABA-BC803B73C61A}") = "Web", "Web\", "{26DE7C11-44E9-4A26-8115-F16BEDB7F0E2}"
	ProjectSection(WebsiteProperties) = preProject
		TargetFrameworkMoniker = ".NETFramework,Version%3Dv4.7.2"
		ProjectReferences = "{6E8439C0-06C0-4AFD-971F-ADC64A3A911B}|ProjectMgt.BLL.dll;{3A609853-286E-4182-B68E-ADBD9FE2C230}|ProjectMgt.DAL.dll;{FF877E98-DC25-46DB-9D31-C2FBE82FDF42}|ProjectMgt.Model.dll;{2cec8844-cc70-402a-b70e-79a3558d5312}|TakeTopSecurity.dll;{83c67156-893d-4aff-9169-db34771989cb}|PushSharp.Apple.dll;{836F225F-6CD9-48DE-910C-70F8A7CF54AA}|PushSharp.Core.dll;{6770495c-d4d1-4132-8f8b-955acb0b58fb}|TakeTopCore.dll;{3effdf9f-e5b2-4453-8377-73222fd6134e}|TakeTopWF.dll;"
		Debug.AspNetCompiler.VirtualPath = "/Web"
		Debug.AspNetCompiler.PhysicalPath = "Web\"
		Debug.AspNetCompiler.TargetPath = "..\PrecompiledWeb\Web\"
		Debug.AspNetCompiler.Updateable = "true"
		Debug.AspNetCompiler.ForceOverwrite = "true"
		Debug.AspNetCompiler.FixedNames = "false"
		Debug.AspNetCompiler.Debug = "True"
		Release.AspNetCompiler.VirtualPath = "/Web"
		Release.AspNetCompiler.PhysicalPath = "Web\"
		Release.AspNetCompiler.TargetPath = "..\PrecompiledWeb\Web\"
		Release.AspNetCompiler.Updateable = "true"
		Release.AspNetCompiler.ForceOverwrite = "true"
		Release.AspNetCompiler.FixedNames = "false"
		Release.AspNetCompiler.Debug = "False"
		VWDPort = "15163"
		SlnRelativePath = "Web\"
		ProjOutputReferences = ""
	EndProjectSection
EndProject
Project("{FAE04EC0-301F-11D3-BF4B-00C04F79EFBC}") = "TakeTopCore", "..\KeyComponent\TakeTopCore\TakeTopCore.csproj", "{6770495C-D4D1-4132-8F8B-955ACB0B58FB}"
EndProject
Project("{FAE04EC0-301F-11D3-BF4B-00C04F79EFBC}") = "TakeTopSecurity", "..\KeyComponent\TakeTopSecurity\TakeTopSecurity.csproj", "{2CEC8844-CC70-402A-B70E-79A3558D5312}"
EndProject
Project("{FAE04EC0-301F-11D3-BF4B-00C04F79EFBC}") = "TakeTopGantt", "..\KeyComponent\TakeTopGantt\TakeTopGantt\TakeTopGantt.csproj", "{360D64FC-07C0-4473-A40E-2056BF693DED}"
EndProject
Project("{FAE04EC0-301F-11D3-BF4B-00C04F79EFBC}") = "TakeTopWF", "..\KeyComponent\TakeTopWF\TakeTopWF.csproj", "{3EFFDF9F-E5B2-4453-8377-73222FD6134E}"
EndProject
Project("{FAE04EC0-301F-11D3-BF4B-00C04F79EFBC}") = "TakeTopInfoPathSoft.JS", "..\KeyComponent\TakeTopInfoPathSoft.JS\TakeTopInfoPathSoft.JS.csproj", "{C3DA7252-AC6C-4232-8C05-2B4FEDA2E07D}"
EndProject
Project("{FAE04EC0-301F-11D3-BF4B-00C04F79EFBC}") = "TakeTopInfoPathSoft.Service", "..\KeyComponent\TakeTopInfoPathSoft.Service\TakeTopInfoPathSoft.Service.csproj", "{E0AA1E89-4314-44E6-BAE5-457B66976B7D}"
EndProject
Global
	GlobalSection(SolutionConfigurationPlatforms) = preSolution
		Debug|.NET = Debug|.NET
		Debug|Android = Debug|Android
		Debug|Any CPU = Debug|Any CPU
		Debug|iOS = Debug|iOS
		Debug|Mixed Platforms = Debug|Mixed Platforms
		Debug|Windows-ARM = Debug|Windows-ARM
		Debug|Windows-x64 = Debug|Windows-x64
		Debug|Windows-x86 = Debug|Windows-x86
		Release|.NET = Release|.NET
		Release|Android = Release|Android
		Release|Any CPU = Release|Any CPU
		Release|iOS = Release|iOS
		Release|Mixed Platforms = Release|Mixed Platforms
		Release|Windows-ARM = Release|Windows-ARM
		Release|Windows-x64 = Release|Windows-x64
		Release|Windows-x86 = Release|Windows-x86
	EndGlobalSection
	GlobalSection(ProjectConfigurationPlatforms) = postSolution
		{FF877E98-DC25-46DB-9D31-C2FBE82FDF42}.Debug|.NET.ActiveCfg = Debug|Any CPU
		{FF877E98-DC25-46DB-9D31-C2FBE82FDF42}.Debug|.NET.Build.0 = Debug|Any CPU
		{FF877E98-DC25-46DB-9D31-C2FBE82FDF42}.Debug|Android.ActiveCfg = Debug|Any CPU
		{FF877E98-DC25-46DB-9D31-C2FBE82FDF42}.Debug|Android.Build.0 = Debug|Any CPU
		{FF877E98-DC25-46DB-9D31-C2FBE82FDF42}.Debug|Any CPU.ActiveCfg = Debug|Any CPU
		{FF877E98-DC25-46DB-9D31-C2FBE82FDF42}.Debug|Any CPU.Build.0 = Debug|Any CPU
		{FF877E98-DC25-46DB-9D31-C2FBE82FDF42}.Debug|iOS.ActiveCfg = Debug|Any CPU
		{FF877E98-DC25-46DB-9D31-C2FBE82FDF42}.Debug|iOS.Build.0 = Debug|Any CPU
		{FF877E98-DC25-46DB-9D31-C2FBE82FDF42}.Debug|Mixed Platforms.ActiveCfg = Debug|Any CPU
		{FF877E98-DC25-46DB-9D31-C2FBE82FDF42}.Debug|Mixed Platforms.Build.0 = Debug|Any CPU
		{FF877E98-DC25-46DB-9D31-C2FBE82FDF42}.Debug|Windows-ARM.ActiveCfg = Debug|Any CPU
		{FF877E98-DC25-46DB-9D31-C2FBE82FDF42}.Debug|Windows-ARM.Build.0 = Debug|Any CPU
		{FF877E98-DC25-46DB-9D31-C2FBE82FDF42}.Debug|Windows-x64.ActiveCfg = Debug|Any CPU
		{FF877E98-DC25-46DB-9D31-C2FBE82FDF42}.Debug|Windows-x64.Build.0 = Debug|Any CPU
		{FF877E98-DC25-46DB-9D31-C2FBE82FDF42}.Debug|Windows-x86.ActiveCfg = Debug|Any CPU
		{FF877E98-DC25-46DB-9D31-C2FBE82FDF42}.Debug|Windows-x86.Build.0 = Debug|Any CPU
		{FF877E98-DC25-46DB-9D31-C2FBE82FDF42}.Release|.NET.ActiveCfg = Release|Any CPU
		{FF877E98-DC25-46DB-9D31-C2FBE82FDF42}.Release|Android.ActiveCfg = Release|Any CPU
		{FF877E98-DC25-46DB-9D31-C2FBE82FDF42}.Release|Android.Build.0 = Release|Any CPU
		{FF877E98-DC25-46DB-9D31-C2FBE82FDF42}.Release|Any CPU.ActiveCfg = Debug|Any CPU
		{FF877E98-DC25-46DB-9D31-C2FBE82FDF42}.Release|Any CPU.Build.0 = Debug|Any CPU
		{FF877E98-DC25-46DB-9D31-C2FBE82FDF42}.Release|iOS.ActiveCfg = Release|Any CPU
		{FF877E98-DC25-46DB-9D31-C2FBE82FDF42}.Release|iOS.Build.0 = Release|Any CPU
		{FF877E98-DC25-46DB-9D31-C2FBE82FDF42}.Release|Mixed Platforms.ActiveCfg = Release|Any CPU
		{FF877E98-DC25-46DB-9D31-C2FBE82FDF42}.Release|Mixed Platforms.Build.0 = Release|Any CPU
		{FF877E98-DC25-46DB-9D31-C2FBE82FDF42}.Release|Windows-ARM.ActiveCfg = Release|Any CPU
		{FF877E98-DC25-46DB-9D31-C2FBE82FDF42}.Release|Windows-ARM.Build.0 = Release|Any CPU
		{FF877E98-DC25-46DB-9D31-C2FBE82FDF42}.Release|Windows-x64.ActiveCfg = Release|Any CPU
		{FF877E98-DC25-46DB-9D31-C2FBE82FDF42}.Release|Windows-x64.Build.0 = Release|Any CPU
		{FF877E98-DC25-46DB-9D31-C2FBE82FDF42}.Release|Windows-x86.ActiveCfg = Release|Any CPU
		{FF877E98-DC25-46DB-9D31-C2FBE82FDF42}.Release|Windows-x86.Build.0 = Release|Any CPU
		{3A609853-286E-4182-B68E-ADBD9FE2C230}.Debug|.NET.ActiveCfg = Debug|Any CPU
		{3A609853-286E-4182-B68E-ADBD9FE2C230}.Debug|.NET.Build.0 = Debug|Any CPU
		{3A609853-286E-4182-B68E-ADBD9FE2C230}.Debug|Android.ActiveCfg = Debug|Any CPU
		{3A609853-286E-4182-B68E-ADBD9FE2C230}.Debug|Android.Build.0 = Debug|Any CPU
		{3A609853-286E-4182-B68E-ADBD9FE2C230}.Debug|Any CPU.ActiveCfg = Debug|Any CPU
		{3A609853-286E-4182-B68E-ADBD9FE2C230}.Debug|Any CPU.Build.0 = Debug|Any CPU
		{3A609853-286E-4182-B68E-ADBD9FE2C230}.Debug|iOS.ActiveCfg = Debug|Any CPU
		{3A609853-286E-4182-B68E-ADBD9FE2C230}.Debug|iOS.Build.0 = Debug|Any CPU
		{3A609853-286E-4182-B68E-ADBD9FE2C230}.Debug|Mixed Platforms.ActiveCfg = Debug|Any CPU
		{3A609853-286E-4182-B68E-ADBD9FE2C230}.Debug|Mixed Platforms.Build.0 = Debug|Any CPU
		{3A609853-286E-4182-B68E-ADBD9FE2C230}.Debug|Windows-ARM.ActiveCfg = Debug|Any CPU
		{3A609853-286E-4182-B68E-ADBD9FE2C230}.Debug|Windows-ARM.Build.0 = Debug|Any CPU
		{3A609853-286E-4182-B68E-ADBD9FE2C230}.Debug|Windows-x64.ActiveCfg = Debug|Any CPU
		{3A609853-286E-4182-B68E-ADBD9FE2C230}.Debug|Windows-x64.Build.0 = Debug|Any CPU
		{3A609853-286E-4182-B68E-ADBD9FE2C230}.Debug|Windows-x86.ActiveCfg = Debug|Any CPU
		{3A609853-286E-4182-B68E-ADBD9FE2C230}.Debug|Windows-x86.Build.0 = Debug|Any CPU
		{3A609853-286E-4182-B68E-ADBD9FE2C230}.Release|.NET.ActiveCfg = Release|Any CPU
		{3A609853-286E-4182-B68E-ADBD9FE2C230}.Release|Android.ActiveCfg = Release|Any CPU
		{3A609853-286E-4182-B68E-ADBD9FE2C230}.Release|Android.Build.0 = Release|Any CPU
		{3A609853-286E-4182-B68E-ADBD9FE2C230}.Release|Any CPU.ActiveCfg = Debug|Any CPU
		{3A609853-286E-4182-B68E-ADBD9FE2C230}.Release|Any CPU.Build.0 = Debug|Any CPU
		{3A609853-286E-4182-B68E-ADBD9FE2C230}.Release|iOS.ActiveCfg = Release|Any CPU
		{3A609853-286E-4182-B68E-ADBD9FE2C230}.Release|iOS.Build.0 = Release|Any CPU
		{3A609853-286E-4182-B68E-ADBD9FE2C230}.Release|Mixed Platforms.ActiveCfg = Release|Any CPU
		{3A609853-286E-4182-B68E-ADBD9FE2C230}.Release|Mixed Platforms.Build.0 = Release|Any CPU
		{3A609853-286E-4182-B68E-ADBD9FE2C230}.Release|Windows-ARM.ActiveCfg = Release|Any CPU
		{3A609853-286E-4182-B68E-ADBD9FE2C230}.Release|Windows-ARM.Build.0 = Release|Any CPU
		{3A609853-286E-4182-B68E-ADBD9FE2C230}.Release|Windows-x64.ActiveCfg = Release|Any CPU
		{3A609853-286E-4182-B68E-ADBD9FE2C230}.Release|Windows-x64.Build.0 = Release|Any CPU
		{3A609853-286E-4182-B68E-ADBD9FE2C230}.Release|Windows-x86.ActiveCfg = Release|Any CPU
		{3A609853-286E-4182-B68E-ADBD9FE2C230}.Release|Windows-x86.Build.0 = Release|Any CPU
		{6E8439C0-06C0-4AFD-971F-ADC64A3A911B}.Debug|.NET.ActiveCfg = Debug|Any CPU
		{6E8439C0-06C0-4AFD-971F-ADC64A3A911B}.Debug|.NET.Build.0 = Debug|Any CPU
		{6E8439C0-06C0-4AFD-971F-ADC64A3A911B}.Debug|Android.ActiveCfg = Debug|Any CPU
		{6E8439C0-06C0-4AFD-971F-ADC64A3A911B}.Debug|Android.Build.0 = Debug|Any CPU
		{6E8439C0-06C0-4AFD-971F-ADC64A3A911B}.Debug|Any CPU.ActiveCfg = Debug|Any CPU
		{6E8439C0-06C0-4AFD-971F-ADC64A3A911B}.Debug|Any CPU.Build.0 = Debug|Any CPU
		{6E8439C0-06C0-4AFD-971F-ADC64A3A911B}.Debug|iOS.ActiveCfg = Debug|Any CPU
		{6E8439C0-06C0-4AFD-971F-ADC64A3A911B}.Debug|iOS.Build.0 = Debug|Any CPU
		{6E8439C0-06C0-4AFD-971F-ADC64A3A911B}.Debug|Mixed Platforms.ActiveCfg = Debug|Any CPU
		{6E8439C0-06C0-4AFD-971F-ADC64A3A911B}.Debug|Mixed Platforms.Build.0 = Debug|Any CPU
		{6E8439C0-06C0-4AFD-971F-ADC64A3A911B}.Debug|Windows-ARM.ActiveCfg = Debug|Any CPU
		{6E8439C0-06C0-4AFD-971F-ADC64A3A911B}.Debug|Windows-ARM.Build.0 = Debug|Any CPU
		{6E8439C0-06C0-4AFD-971F-ADC64A3A911B}.Debug|Windows-x64.ActiveCfg = Debug|Any CPU
		{6E8439C0-06C0-4AFD-971F-ADC64A3A911B}.Debug|Windows-x64.Build.0 = Debug|Any CPU
		{6E8439C0-06C0-4AFD-971F-ADC64A3A911B}.Debug|Windows-x86.ActiveCfg = Debug|Any CPU
		{6E8439C0-06C0-4AFD-971F-ADC64A3A911B}.Debug|Windows-x86.Build.0 = Debug|Any CPU
		{6E8439C0-06C0-4AFD-971F-ADC64A3A911B}.Release|.NET.ActiveCfg = Release|Any CPU
		{6E8439C0-06C0-4AFD-971F-ADC64A3A911B}.Release|Android.ActiveCfg = Release|Any CPU
		{6E8439C0-06C0-4AFD-971F-ADC64A3A911B}.Release|Android.Build.0 = Release|Any CPU
		{6E8439C0-06C0-4AFD-971F-ADC64A3A911B}.Release|Any CPU.ActiveCfg = Debug|Any CPU
		{6E8439C0-06C0-4AFD-971F-ADC64A3A911B}.Release|Any CPU.Build.0 = Debug|Any CPU
		{6E8439C0-06C0-4AFD-971F-ADC64A3A911B}.Release|iOS.ActiveCfg = Release|Any CPU
		{6E8439C0-06C0-4AFD-971F-ADC64A3A911B}.Release|iOS.Build.0 = Release|Any CPU
		{6E8439C0-06C0-4AFD-971F-ADC64A3A911B}.Release|Mixed Platforms.ActiveCfg = Release|Any CPU
		{6E8439C0-06C0-4AFD-971F-ADC64A3A911B}.Release|Mixed Platforms.Build.0 = Release|Any CPU
		{6E8439C0-06C0-4AFD-971F-ADC64A3A911B}.Release|Windows-ARM.ActiveCfg = Release|Any CPU
		{6E8439C0-06C0-4AFD-971F-ADC64A3A911B}.Release|Windows-ARM.Build.0 = Release|Any CPU
		{6E8439C0-06C0-4AFD-971F-ADC64A3A911B}.Release|Windows-x64.ActiveCfg = Release|Any CPU
		{6E8439C0-06C0-4AFD-971F-ADC64A3A911B}.Release|Windows-x64.Build.0 = Release|Any CPU
		{6E8439C0-06C0-4AFD-971F-ADC64A3A911B}.Release|Windows-x86.ActiveCfg = Release|Any CPU
		{6E8439C0-06C0-4AFD-971F-ADC64A3A911B}.Release|Windows-x86.Build.0 = Release|Any CPU
		{26DE7C11-44E9-4A26-8115-F16BEDB7F0E2}.Debug|.NET.ActiveCfg = Debug|Any CPU
		{26DE7C11-44E9-4A26-8115-F16BEDB7F0E2}.Debug|.NET.Build.0 = Debug|Any CPU
		{26DE7C11-44E9-4A26-8115-F16BEDB7F0E2}.Debug|Android.ActiveCfg = Debug|Any CPU
		{26DE7C11-44E9-4A26-8115-F16BEDB7F0E2}.Debug|Android.Build.0 = Debug|Any CPU
		{26DE7C11-44E9-4A26-8115-F16BEDB7F0E2}.Debug|Any CPU.ActiveCfg = Debug|Any CPU
		{26DE7C11-44E9-4A26-8115-F16BEDB7F0E2}.Debug|Any CPU.Build.0 = Debug|Any CPU
		{26DE7C11-44E9-4A26-8115-F16BEDB7F0E2}.Debug|iOS.ActiveCfg = Debug|Any CPU
		{26DE7C11-44E9-4A26-8115-F16BEDB7F0E2}.Debug|iOS.Build.0 = Debug|Any CPU
		{26DE7C11-44E9-4A26-8115-F16BEDB7F0E2}.Debug|Mixed Platforms.ActiveCfg = Debug|Any CPU
		{26DE7C11-44E9-4A26-8115-F16BEDB7F0E2}.Debug|Mixed Platforms.Build.0 = Debug|Any CPU
		{26DE7C11-44E9-4A26-8115-F16BEDB7F0E2}.Debug|Windows-ARM.ActiveCfg = Debug|Any CPU
		{26DE7C11-44E9-4A26-8115-F16BEDB7F0E2}.Debug|Windows-ARM.Build.0 = Debug|Any CPU
		{26DE7C11-44E9-4A26-8115-F16BEDB7F0E2}.Debug|Windows-x64.ActiveCfg = Debug|Any CPU
		{26DE7C11-44E9-4A26-8115-F16BEDB7F0E2}.Debug|Windows-x64.Build.0 = Debug|Any CPU
		{26DE7C11-44E9-4A26-8115-F16BEDB7F0E2}.Debug|Windows-x86.ActiveCfg = Debug|Any CPU
		{26DE7C11-44E9-4A26-8115-F16BEDB7F0E2}.Debug|Windows-x86.Build.0 = Debug|Any CPU
		{26DE7C11-44E9-4A26-8115-F16BEDB7F0E2}.Release|.NET.ActiveCfg = Debug|Any CPU
		{26DE7C11-44E9-4A26-8115-F16BEDB7F0E2}.Release|Android.ActiveCfg = Debug|Any CPU
		{26DE7C11-44E9-4A26-8115-F16BEDB7F0E2}.Release|Android.Build.0 = Debug|Any CPU
		{26DE7C11-44E9-4A26-8115-F16BEDB7F0E2}.Release|Any CPU.ActiveCfg = Debug|Any CPU
		{26DE7C11-44E9-4A26-8115-F16BEDB7F0E2}.Release|Any CPU.Build.0 = Debug|Any CPU
		{26DE7C11-44E9-4A26-8115-F16BEDB7F0E2}.Release|iOS.ActiveCfg = Debug|Any CPU
		{26DE7C11-44E9-4A26-8115-F16BEDB7F0E2}.Release|iOS.Build.0 = Debug|Any CPU
		{26DE7C11-44E9-4A26-8115-F16BEDB7F0E2}.Release|Mixed Platforms.ActiveCfg = Debug|Any CPU
		{26DE7C11-44E9-4A26-8115-F16BEDB7F0E2}.Release|Mixed Platforms.Build.0 = Debug|Any CPU
		{26DE7C11-44E9-4A26-8115-F16BEDB7F0E2}.Release|Windows-ARM.ActiveCfg = Debug|Any CPU
		{26DE7C11-44E9-4A26-8115-F16BEDB7F0E2}.Release|Windows-ARM.Build.0 = Debug|Any CPU
		{26DE7C11-44E9-4A26-8115-F16BEDB7F0E2}.Release|Windows-x64.ActiveCfg = Debug|Any CPU
		{26DE7C11-44E9-4A26-8115-F16BEDB7F0E2}.Release|Windows-x64.Build.0 = Debug|Any CPU
		{26DE7C11-44E9-4A26-8115-F16BEDB7F0E2}.Release|Windows-x86.ActiveCfg = Debug|Any CPU
		{26DE7C11-44E9-4A26-8115-F16BEDB7F0E2}.Release|Windows-x86.Build.0 = Debug|Any CPU
		{6770495C-D4D1-4132-8F8B-955ACB0B58FB}.Debug|.NET.ActiveCfg = Debug|Any CPU
		{6770495C-D4D1-4132-8F8B-955ACB0B58FB}.Debug|.NET.Build.0 = Debug|Any CPU
		{6770495C-D4D1-4132-8F8B-955ACB0B58FB}.Debug|Android.ActiveCfg = Debug|Any CPU
		{6770495C-D4D1-4132-8F8B-955ACB0B58FB}.Debug|Android.Build.0 = Debug|Any CPU
		{6770495C-D4D1-4132-8F8B-955ACB0B58FB}.Debug|Any CPU.ActiveCfg = Debug|Any CPU
		{6770495C-D4D1-4132-8F8B-955ACB0B58FB}.Debug|Any CPU.Build.0 = Debug|Any CPU
		{6770495C-D4D1-4132-8F8B-955ACB0B58FB}.Debug|iOS.ActiveCfg = Debug|Any CPU
		{6770495C-D4D1-4132-8F8B-955ACB0B58FB}.Debug|iOS.Build.0 = Debug|Any CPU
		{6770495C-D4D1-4132-8F8B-955ACB0B58FB}.Debug|Mixed Platforms.ActiveCfg = Debug|Any CPU
		{6770495C-D4D1-4132-8F8B-955ACB0B58FB}.Debug|Mixed Platforms.Build.0 = Debug|Any CPU
		{6770495C-D4D1-4132-8F8B-955ACB0B58FB}.Debug|Windows-ARM.ActiveCfg = Debug|Any CPU
		{6770495C-D4D1-4132-8F8B-955ACB0B58FB}.Debug|Windows-ARM.Build.0 = Debug|Any CPU
		{6770495C-D4D1-4132-8F8B-955ACB0B58FB}.Debug|Windows-x64.ActiveCfg = Debug|Any CPU
		{6770495C-D4D1-4132-8F8B-955ACB0B58FB}.Debug|Windows-x64.Build.0 = Debug|Any CPU
		{6770495C-D4D1-4132-8F8B-955ACB0B58FB}.Debug|Windows-x86.ActiveCfg = Debug|Any CPU
		{6770495C-D4D1-4132-8F8B-955ACB0B58FB}.Debug|Windows-x86.Build.0 = Debug|Any CPU
		{6770495C-D4D1-4132-8F8B-955ACB0B58FB}.Release|.NET.ActiveCfg = Release|Any CPU
		{6770495C-D4D1-4132-8F8B-955ACB0B58FB}.Release|.NET.Build.0 = Release|Any CPU
		{6770495C-D4D1-4132-8F8B-955ACB0B58FB}.Release|Android.ActiveCfg = Release|Any CPU
		{6770495C-D4D1-4132-8F8B-955ACB0B58FB}.Release|Android.Build.0 = Release|Any CPU
		{6770495C-D4D1-4132-8F8B-955ACB0B58FB}.Release|Any CPU.ActiveCfg = Release|Any CPU
		{6770495C-D4D1-4132-8F8B-955ACB0B58FB}.Release|Any CPU.Build.0 = Release|Any CPU
		{6770495C-D4D1-4132-8F8B-955ACB0B58FB}.Release|iOS.ActiveCfg = Release|Any CPU
		{6770495C-D4D1-4132-8F8B-955ACB0B58FB}.Release|iOS.Build.0 = Release|Any CPU
		{6770495C-D4D1-4132-8F8B-955ACB0B58FB}.Release|Mixed Platforms.ActiveCfg = Release|Any CPU
		{6770495C-D4D1-4132-8F8B-955ACB0B58FB}.Release|Mixed Platforms.Build.0 = Release|Any CPU
		{6770495C-D4D1-4132-8F8B-955ACB0B58FB}.Release|Windows-ARM.ActiveCfg = Release|Any CPU
		{6770495C-D4D1-4132-8F8B-955ACB0B58FB}.Release|Windows-ARM.Build.0 = Release|Any CPU
		{6770495C-D4D1-4132-8F8B-955ACB0B58FB}.Release|Windows-x64.ActiveCfg = Release|Any CPU
		{6770495C-D4D1-4132-8F8B-955ACB0B58FB}.Release|Windows-x64.Build.0 = Release|Any CPU
		{6770495C-D4D1-4132-8F8B-955ACB0B58FB}.Release|Windows-x86.ActiveCfg = Release|Any CPU
		{6770495C-D4D1-4132-8F8B-955ACB0B58FB}.Release|Windows-x86.Build.0 = Release|Any CPU
		{2CEC8844-CC70-402A-B70E-79A3558D5312}.Debug|.NET.ActiveCfg = Debug|Any CPU
		{2CEC8844-CC70-402A-B70E-79A3558D5312}.Debug|.NET.Build.0 = Debug|Any CPU
		{2CEC8844-CC70-402A-B70E-79A3558D5312}.Debug|Android.ActiveCfg = Debug|Any CPU
		{2CEC8844-CC70-402A-B70E-79A3558D5312}.Debug|Android.Build.0 = Debug|Any CPU
		{2CEC8844-CC70-402A-B70E-79A3558D5312}.Debug|Any CPU.ActiveCfg = Debug|Any CPU
		{2CEC8844-CC70-402A-B70E-79A3558D5312}.Debug|Any CPU.Build.0 = Debug|Any CPU
		{2CEC8844-CC70-402A-B70E-79A3558D5312}.Debug|iOS.ActiveCfg = Debug|Any CPU
		{2CEC8844-CC70-402A-B70E-79A3558D5312}.Debug|iOS.Build.0 = Debug|Any CPU
		{2CEC8844-CC70-402A-B70E-79A3558D5312}.Debug|Mixed Platforms.ActiveCfg = Debug|Any CPU
		{2CEC8844-CC70-402A-B70E-79A3558D5312}.Debug|Mixed Platforms.Build.0 = Debug|Any CPU
		{2CEC8844-CC70-402A-B70E-79A3558D5312}.Debug|Windows-ARM.ActiveCfg = Debug|Any CPU
		{2CEC8844-CC70-402A-B70E-79A3558D5312}.Debug|Windows-ARM.Build.0 = Debug|Any CPU
		{2CEC8844-CC70-402A-B70E-79A3558D5312}.Debug|Windows-x64.ActiveCfg = Debug|Any CPU
		{2CEC8844-CC70-402A-B70E-79A3558D5312}.Debug|Windows-x64.Build.0 = Debug|Any CPU
		{2CEC8844-CC70-402A-B70E-79A3558D5312}.Debug|Windows-x86.ActiveCfg = Debug|Any CPU
		{2CEC8844-CC70-402A-B70E-79A3558D5312}.Debug|Windows-x86.Build.0 = Debug|Any CPU
		{2CEC8844-CC70-402A-B70E-79A3558D5312}.Release|.NET.ActiveCfg = Release|Any CPU
		{2CEC8844-CC70-402A-B70E-79A3558D5312}.Release|.NET.Build.0 = Release|Any CPU
		{2CEC8844-CC70-402A-B70E-79A3558D5312}.Release|Android.ActiveCfg = Release|Any CPU
		{2CEC8844-CC70-402A-B70E-79A3558D5312}.Release|Android.Build.0 = Release|Any CPU
		{2CEC8844-CC70-402A-B70E-79A3558D5312}.Release|Any CPU.ActiveCfg = Release|Any CPU
		{2CEC8844-CC70-402A-B70E-79A3558D5312}.Release|Any CPU.Build.0 = Release|Any CPU
		{2CEC8844-CC70-402A-B70E-79A3558D5312}.Release|iOS.ActiveCfg = Release|Any CPU
		{2CEC8844-CC70-402A-B70E-79A3558D5312}.Release|iOS.Build.0 = Release|Any CPU
		{2CEC8844-CC70-402A-B70E-79A3558D5312}.Release|Mixed Platforms.ActiveCfg = Release|Any CPU
		{2CEC8844-CC70-402A-B70E-79A3558D5312}.Release|Mixed Platforms.Build.0 = Release|Any CPU
		{2CEC8844-CC70-402A-B70E-79A3558D5312}.Release|Windows-ARM.ActiveCfg = Release|Any CPU
		{2CEC8844-CC70-402A-B70E-79A3558D5312}.Release|Windows-ARM.Build.0 = Release|Any CPU
		{2CEC8844-CC70-402A-B70E-79A3558D5312}.Release|Windows-x64.ActiveCfg = Release|Any CPU
		{2CEC8844-CC70-402A-B70E-79A3558D5312}.Release|Windows-x64.Build.0 = Release|Any CPU
		{2CEC8844-CC70-402A-B70E-79A3558D5312}.Release|Windows-x86.ActiveCfg = Release|Any CPU
		{2CEC8844-CC70-402A-B70E-79A3558D5312}.Release|Windows-x86.Build.0 = Release|Any CPU
		{360D64FC-07C0-4473-A40E-2056BF693DED}.Debug|.NET.ActiveCfg = Debug|Any CPU
		{360D64FC-07C0-4473-A40E-2056BF693DED}.Debug|.NET.Build.0 = Debug|Any CPU
		{360D64FC-07C0-4473-A40E-2056BF693DED}.Debug|Android.ActiveCfg = Debug|Any CPU
		{360D64FC-07C0-4473-A40E-2056BF693DED}.Debug|Android.Build.0 = Debug|Any CPU
		{360D64FC-07C0-4473-A40E-2056BF693DED}.Debug|Any CPU.ActiveCfg = Debug|Any CPU
		{360D64FC-07C0-4473-A40E-2056BF693DED}.Debug|Any CPU.Build.0 = Debug|Any CPU
		{360D64FC-07C0-4473-A40E-2056BF693DED}.Debug|iOS.ActiveCfg = Debug|Any CPU
		{360D64FC-07C0-4473-A40E-2056BF693DED}.Debug|iOS.Build.0 = Debug|Any CPU
		{360D64FC-07C0-4473-A40E-2056BF693DED}.Debug|Mixed Platforms.ActiveCfg = Debug|Any CPU
		{360D64FC-07C0-4473-A40E-2056BF693DED}.Debug|Mixed Platforms.Build.0 = Debug|Any CPU
		{360D64FC-07C0-4473-A40E-2056BF693DED}.Debug|Windows-ARM.ActiveCfg = Debug|Any CPU
		{360D64FC-07C0-4473-A40E-2056BF693DED}.Debug|Windows-ARM.Build.0 = Debug|Any CPU
		{360D64FC-07C0-4473-A40E-2056BF693DED}.Debug|Windows-x64.ActiveCfg = Debug|Any CPU
		{360D64FC-07C0-4473-A40E-2056BF693DED}.Debug|Windows-x64.Build.0 = Debug|Any CPU
		{360D64FC-07C0-4473-A40E-2056BF693DED}.Debug|Windows-x86.ActiveCfg = Debug|Any CPU
		{360D64FC-07C0-4473-A40E-2056BF693DED}.Debug|Windows-x86.Build.0 = Debug|Any CPU
		{360D64FC-07C0-4473-A40E-2056BF693DED}.Release|.NET.ActiveCfg = Release|Any CPU
		{360D64FC-07C0-4473-A40E-2056BF693DED}.Release|.NET.Build.0 = Release|Any CPU
		{360D64FC-07C0-4473-A40E-2056BF693DED}.Release|Android.ActiveCfg = Release|Any CPU
		{360D64FC-07C0-4473-A40E-2056BF693DED}.Release|Android.Build.0 = Release|Any CPU
		{360D64FC-07C0-4473-A40E-2056BF693DED}.Release|Any CPU.ActiveCfg = Release|Any CPU
		{360D64FC-07C0-4473-A40E-2056BF693DED}.Release|Any CPU.Build.0 = Release|Any CPU
		{360D64FC-07C0-4473-A40E-2056BF693DED}.Release|iOS.ActiveCfg = Release|Any CPU
		{360D64FC-07C0-4473-A40E-2056BF693DED}.Release|iOS.Build.0 = Release|Any CPU
		{360D64FC-07C0-4473-A40E-2056BF693DED}.Release|Mixed Platforms.ActiveCfg = Release|Any CPU
		{360D64FC-07C0-4473-A40E-2056BF693DED}.Release|Mixed Platforms.Build.0 = Release|Any CPU
		{360D64FC-07C0-4473-A40E-2056BF693DED}.Release|Windows-ARM.ActiveCfg = Release|Any CPU
		{360D64FC-07C0-4473-A40E-2056BF693DED}.Release|Windows-ARM.Build.0 = Release|Any CPU
		{360D64FC-07C0-4473-A40E-2056BF693DED}.Release|Windows-x64.ActiveCfg = Release|Any CPU
		{360D64FC-07C0-4473-A40E-2056BF693DED}.Release|Windows-x64.Build.0 = Release|Any CPU
		{360D64FC-07C0-4473-A40E-2056BF693DED}.Release|Windows-x86.ActiveCfg = Release|Any CPU
		{360D64FC-07C0-4473-A40E-2056BF693DED}.Release|Windows-x86.Build.0 = Release|Any CPU
		{3EFFDF9F-E5B2-4453-8377-73222FD6134E}.Debug|.NET.ActiveCfg = Debug|Any CPU
		{3EFFDF9F-E5B2-4453-8377-73222FD6134E}.Debug|.NET.Build.0 = Debug|Any CPU
		{3EFFDF9F-E5B2-4453-8377-73222FD6134E}.Debug|Android.ActiveCfg = Debug|Any CPU
		{3EFFDF9F-E5B2-4453-8377-73222FD6134E}.Debug|Android.Build.0 = Debug|Any CPU
		{3EFFDF9F-E5B2-4453-8377-73222FD6134E}.Debug|Any CPU.ActiveCfg = Debug|Any CPU
		{3EFFDF9F-E5B2-4453-8377-73222FD6134E}.Debug|Any CPU.Build.0 = Debug|Any CPU
		{3EFFDF9F-E5B2-4453-8377-73222FD6134E}.Debug|iOS.ActiveCfg = Debug|Any CPU
		{3EFFDF9F-E5B2-4453-8377-73222FD6134E}.Debug|iOS.Build.0 = Debug|Any CPU
		{3EFFDF9F-E5B2-4453-8377-73222FD6134E}.Debug|Mixed Platforms.ActiveCfg = Debug|Any CPU
		{3EFFDF9F-E5B2-4453-8377-73222FD6134E}.Debug|Mixed Platforms.Build.0 = Debug|Any CPU
		{3EFFDF9F-E5B2-4453-8377-73222FD6134E}.Debug|Windows-ARM.ActiveCfg = Debug|Any CPU
		{3EFFDF9F-E5B2-4453-8377-73222FD6134E}.Debug|Windows-ARM.Build.0 = Debug|Any CPU
		{3EFFDF9F-E5B2-4453-8377-73222FD6134E}.Debug|Windows-x64.ActiveCfg = Debug|Any CPU
		{3EFFDF9F-E5B2-4453-8377-73222FD6134E}.Debug|Windows-x64.Build.0 = Debug|Any CPU
		{3EFFDF9F-E5B2-4453-8377-73222FD6134E}.Debug|Windows-x86.ActiveCfg = Debug|Any CPU
		{3EFFDF9F-E5B2-4453-8377-73222FD6134E}.Debug|Windows-x86.Build.0 = Debug|Any CPU
		{3EFFDF9F-E5B2-4453-8377-73222FD6134E}.Release|.NET.ActiveCfg = Release|Any CPU
		{3EFFDF9F-E5B2-4453-8377-73222FD6134E}.Release|.NET.Build.0 = Release|Any CPU
		{3EFFDF9F-E5B2-4453-8377-73222FD6134E}.Release|Android.ActiveCfg = Release|Any CPU
		{3EFFDF9F-E5B2-4453-8377-73222FD6134E}.Release|Android.Build.0 = Release|Any CPU
		{3EFFDF9F-E5B2-4453-8377-73222FD6134E}.Release|Any CPU.ActiveCfg = Release|Any CPU
		{3EFFDF9F-E5B2-4453-8377-73222FD6134E}.Release|Any CPU.Build.0 = Release|Any CPU
		{3EFFDF9F-E5B2-4453-8377-73222FD6134E}.Release|iOS.ActiveCfg = Release|Any CPU
		{3EFFDF9F-E5B2-4453-8377-73222FD6134E}.Release|iOS.Build.0 = Release|Any CPU
		{3EFFDF9F-E5B2-4453-8377-73222FD6134E}.Release|Mixed Platforms.ActiveCfg = Release|Any CPU
		{3EFFDF9F-E5B2-4453-8377-73222FD6134E}.Release|Mixed Platforms.Build.0 = Release|Any CPU
		{3EFFDF9F-E5B2-4453-8377-73222FD6134E}.Release|Windows-ARM.ActiveCfg = Release|Any CPU
		{3EFFDF9F-E5B2-4453-8377-73222FD6134E}.Release|Windows-ARM.Build.0 = Release|Any CPU
		{3EFFDF9F-E5B2-4453-8377-73222FD6134E}.Release|Windows-x64.ActiveCfg = Release|Any CPU
		{3EFFDF9F-E5B2-4453-8377-73222FD6134E}.Release|Windows-x64.Build.0 = Release|Any CPU
		{3EFFDF9F-E5B2-4453-8377-73222FD6134E}.Release|Windows-x86.ActiveCfg = Release|Any CPU
		{3EFFDF9F-E5B2-4453-8377-73222FD6134E}.Release|Windows-x86.Build.0 = Release|Any CPU
		{C3DA7252-AC6C-4232-8C05-2B4FEDA2E07D}.Debug|.NET.ActiveCfg = Debug|Any CPU
		{C3DA7252-AC6C-4232-8C05-2B4FEDA2E07D}.Debug|.NET.Build.0 = Debug|Any CPU
		{C3DA7252-AC6C-4232-8C05-2B4FEDA2E07D}.Debug|Android.ActiveCfg = Debug|Any CPU
		{C3DA7252-AC6C-4232-8C05-2B4FEDA2E07D}.Debug|Android.Build.0 = Debug|Any CPU
		{C3DA7252-AC6C-4232-8C05-2B4FEDA2E07D}.Debug|Any CPU.ActiveCfg = Debug|Any CPU
		{C3DA7252-AC6C-4232-8C05-2B4FEDA2E07D}.Debug|Any CPU.Build.0 = Debug|Any CPU
		{C3DA7252-AC6C-4232-8C05-2B4FEDA2E07D}.Debug|iOS.ActiveCfg = Debug|Any CPU
		{C3DA7252-AC6C-4232-8C05-2B4FEDA2E07D}.Debug|iOS.Build.0 = Debug|Any CPU
		{C3DA7252-AC6C-4232-8C05-2B4FEDA2E07D}.Debug|Mixed Platforms.ActiveCfg = Debug|Any CPU
		{C3DA7252-AC6C-4232-8C05-2B4FEDA2E07D}.Debug|Mixed Platforms.Build.0 = Debug|Any CPU
		{C3DA7252-AC6C-4232-8C05-2B4FEDA2E07D}.Debug|Windows-ARM.ActiveCfg = Debug|Any CPU
		{C3DA7252-AC6C-4232-8C05-2B4FEDA2E07D}.Debug|Windows-ARM.Build.0 = Debug|Any CPU
		{C3DA7252-AC6C-4232-8C05-2B4FEDA2E07D}.Debug|Windows-x64.ActiveCfg = Debug|Any CPU
		{C3DA7252-AC6C-4232-8C05-2B4FEDA2E07D}.Debug|Windows-x64.Build.0 = Debug|Any CPU
		{C3DA7252-AC6C-4232-8C05-2B4FEDA2E07D}.Debug|Windows-x86.ActiveCfg = Debug|Any CPU
		{C3DA7252-AC6C-4232-8C05-2B4FEDA2E07D}.Debug|Windows-x86.Build.0 = Debug|Any CPU
		{C3DA7252-AC6C-4232-8C05-2B4FEDA2E07D}.Release|.NET.ActiveCfg = Release|Any CPU
		{C3DA7252-AC6C-4232-8C05-2B4FEDA2E07D}.Release|.NET.Build.0 = Release|Any CPU
		{C3DA7252-AC6C-4232-8C05-2B4FEDA2E07D}.Release|Android.ActiveCfg = Release|Any CPU
		{C3DA7252-AC6C-4232-8C05-2B4FEDA2E07D}.Release|Android.Build.0 = Release|Any CPU
		{C3DA7252-AC6C-4232-8C05-2B4FEDA2E07D}.Release|Any CPU.ActiveCfg = Release|Any CPU
		{C3DA7252-AC6C-4232-8C05-2B4FEDA2E07D}.Release|Any CPU.Build.0 = Release|Any CPU
		{C3DA7252-AC6C-4232-8C05-2B4FEDA2E07D}.Release|iOS.ActiveCfg = Release|Any CPU
		{C3DA7252-AC6C-4232-8C05-2B4FEDA2E07D}.Release|iOS.Build.0 = Release|Any CPU
		{C3DA7252-AC6C-4232-8C05-2B4FEDA2E07D}.Release|Mixed Platforms.ActiveCfg = Release|Any CPU
		{C3DA7252-AC6C-4232-8C05-2B4FEDA2E07D}.Release|Mixed Platforms.Build.0 = Release|Any CPU
		{C3DA7252-AC6C-4232-8C05-2B4FEDA2E07D}.Release|Windows-ARM.ActiveCfg = Release|Any CPU
		{C3DA7252-AC6C-4232-8C05-2B4FEDA2E07D}.Release|Windows-ARM.Build.0 = Release|Any CPU
		{C3DA7252-AC6C-4232-8C05-2B4FEDA2E07D}.Release|Windows-x64.ActiveCfg = Release|Any CPU
		{C3DA7252-AC6C-4232-8C05-2B4FEDA2E07D}.Release|Windows-x64.Build.0 = Release|Any CPU
		{C3DA7252-AC6C-4232-8C05-2B4FEDA2E07D}.Release|Windows-x86.ActiveCfg = Release|Any CPU
		{C3DA7252-AC6C-4232-8C05-2B4FEDA2E07D}.Release|Windows-x86.Build.0 = Release|Any CPU
		{E0AA1E89-4314-44E6-BAE5-457B66976B7D}.Debug|.NET.ActiveCfg = Debug|Any CPU
		{E0AA1E89-4314-44E6-BAE5-457B66976B7D}.Debug|.NET.Build.0 = Debug|Any CPU
		{E0AA1E89-4314-44E6-BAE5-457B66976B7D}.Debug|Android.ActiveCfg = Debug|Any CPU
		{E0AA1E89-4314-44E6-BAE5-457B66976B7D}.Debug|Android.Build.0 = Debug|Any CPU
		{E0AA1E89-4314-44E6-BAE5-457B66976B7D}.Debug|Any CPU.ActiveCfg = Debug|Any CPU
		{E0AA1E89-4314-44E6-BAE5-457B66976B7D}.Debug|Any CPU.Build.0 = Debug|Any CPU
		{E0AA1E89-4314-44E6-BAE5-457B66976B7D}.Debug|iOS.ActiveCfg = Debug|Any CPU
		{E0AA1E89-4314-44E6-BAE5-457B66976B7D}.Debug|iOS.Build.0 = Debug|Any CPU
		{E0AA1E89-4314-44E6-BAE5-457B66976B7D}.Debug|Mixed Platforms.ActiveCfg = Debug|Any CPU
		{E0AA1E89-4314-44E6-BAE5-457B66976B7D}.Debug|Mixed Platforms.Build.0 = Debug|Any CPU
		{E0AA1E89-4314-44E6-BAE5-457B66976B7D}.Debug|Windows-ARM.ActiveCfg = Debug|Any CPU
		{E0AA1E89-4314-44E6-BAE5-457B66976B7D}.Debug|Windows-ARM.Build.0 = Debug|Any CPU
		{E0AA1E89-4314-44E6-BAE5-457B66976B7D}.Debug|Windows-x64.ActiveCfg = Debug|Any CPU
		{E0AA1E89-4314-44E6-BAE5-457B66976B7D}.Debug|Windows-x64.Build.0 = Debug|Any CPU
		{E0AA1E89-4314-44E6-BAE5-457B66976B7D}.Debug|Windows-x86.ActiveCfg = Debug|Any CPU
		{E0AA1E89-4314-44E6-BAE5-457B66976B7D}.Debug|Windows-x86.Build.0 = Debug|Any CPU
		{E0AA1E89-4314-44E6-BAE5-457B66976B7D}.Release|.NET.ActiveCfg = Release|Any CPU
		{E0AA1E89-4314-44E6-BAE5-457B66976B7D}.Release|.NET.Build.0 = Release|Any CPU
		{E0AA1E89-4314-44E6-BAE5-457B66976B7D}.Release|Android.ActiveCfg = Release|Any CPU
		{E0AA1E89-4314-44E6-BAE5-457B66976B7D}.Release|Android.Build.0 = Release|Any CPU
		{E0AA1E89-4314-44E6-BAE5-457B66976B7D}.Release|Any CPU.ActiveCfg = Release|Any CPU
		{E0AA1E89-4314-44E6-BAE5-457B66976B7D}.Release|Any CPU.Build.0 = Release|Any CPU
		{E0AA1E89-4314-44E6-BAE5-457B66976B7D}.Release|iOS.ActiveCfg = Release|Any CPU
		{E0AA1E89-4314-44E6-BAE5-457B66976B7D}.Release|iOS.Build.0 = Release|Any CPU
		{E0AA1E89-4314-44E6-BAE5-457B66976B7D}.Release|Mixed Platforms.ActiveCfg = Release|Any CPU
		{E0AA1E89-4314-44E6-BAE5-457B66976B7D}.Release|Mixed Platforms.Build.0 = Release|Any CPU
		{E0AA1E89-4314-44E6-BAE5-457B66976B7D}.Release|Windows-ARM.ActiveCfg = Release|Any CPU
		{E0AA1E89-4314-44E6-BAE5-457B66976B7D}.Release|Windows-ARM.Build.0 = Release|Any CPU
		{E0AA1E89-4314-44E6-BAE5-457B66976B7D}.Release|Windows-x64.ActiveCfg = Release|Any CPU
		{E0AA1E89-4314-44E6-BAE5-457B66976B7D}.Release|Windows-x64.Build.0 = Release|Any CPU
		{E0AA1E89-4314-44E6-BAE5-457B66976B7D}.Release|Windows-x86.ActiveCfg = Release|Any CPU
		{E0AA1E89-4314-44E6-BAE5-457B66976B7D}.Release|Windows-x86.Build.0 = Release|Any CPU
	EndGlobalSection
	GlobalSection(SolutionProperties) = preSolution
		HideSolutionNode = FALSE
	EndGlobalSection
	GlobalSection(ExtensibilityGlobals) = postSolution
		SolutionGuid = {2E7C0990-42A1-42DC-B948-AD3DF6CA982F}
	EndGlobalSection
EndGlobal
